
Microsoft Visual Studio Solution File, Format Version 12.00
# Visual Studio Version 17
VisualStudioVersion = 17.5.33530.505
MinimumVisualStudioVersion = 10.0.40219.1
Project("{8BC9CEB8-8B4A-11D0-8D11-00A0C91BC942}") = "SustainPedal", "SustainPedal\SustainPedal.vcxproj", "{2D36D549-8D97-4DB1-B7AB-68B6F0AA353B}"
	ProjectSection(ProjectDependencies) = postProject
		{A4C7F2A6-D754-3D30-90EB-39FD5FBB0F3D} = {A4C7F2A6-D754-3D30-90EB-39FD5FBB0F3D}
		{16B3AF54-ADA7-3690-8868-5AF52048115C} = {16B3AF54-ADA7-3690-8868-5AF52048115C}
		{4B779A05-FC20-379C-B698-B334FBE14A3C} = {4B779A05-FC20-379C-B698-B334FBE14A3C}
		{F5956525-FB38-3292-8C15-CA394F9897C4} = {F5956525-FB38-3292-8C15-CA394F9897C4}
		{9AB36991-822F-3168-8520-81A556E5ABCF} = {9AB36991-822F-3168-8520-81A556E5ABCF}
		{5ABA0FC8-BEDB-3B2F-B13A-E11120579176} = {5ABA0FC8-BEDB-3B2F-B13A-E11120579176}
	EndProjectSection
EndProject
Project("{8BC9CEB8-8B4A-11D0-8D11-00A0C91BC942}") = "sdk", "..\vstbuild\sdk.vcxproj", "{F5956525-FB38-3292-8C15-CA394F9897C4}"
EndProject
Project("{8BC9CEB8-8B4A-11D0-8D11-00A0C91BC942}") = "pluginterfaces", "..\vstbuild\pluginterfaces.vcxproj", "{9AB36991-822F-3168-8520-81A556E5ABCF}"
EndProject
Project("{2150E333-8FDC-42A3-9474-1A3956D46DE8}") = "vst3sdk64", "vst3sdk64", "{A587EE4E-41E1-4FFA-963E-8E53DFA75605}"
EndProject
Project("{8BC9CEB8-8B4A-11D0-8D11-00A0C91BC942}") = "base", "..\vstbuild\base.vcxproj", "{16B3AF54-ADA7-3690-8868-5AF52048115C}"
EndProject
Project("{2150E333-8FDC-42A3-9474-1A3956D46DE8}") = "vst3sdk32", "vst3sdk32", "{27BD92A0-EBDD-4FE0-A1F2-14BF2EAB0004}"
EndProject
Project("{8BC9CEB8-8B4A-11D0-8D11-00A0C91BC942}") = "base", "..\vstbuild32\base.vcxproj", "{5ABA0FC8-BEDB-3B2F-B13A-E11120579176}"
EndProject
Project("{8BC9CEB8-8B4A-11D0-8D11-00A0C91BC942}") = "pluginterfaces", "..\vstbuild32\pluginterfaces.vcxproj", "{4B779A05-FC20-379C-B698-B334FBE14A3C}"
EndProject
Project("{8BC9CEB8-8B4A-11D0-8D11-00A0C91BC942}") = "sdk", "..\vstbuild32\sdk.vcxproj", "{A4C7F2A6-D754-3D30-90EB-39FD5FBB0F3D}"
EndProject
Project("{2150E333-8FDC-42A3-9474-1A3956D46DE8}") = "Solution Items", "Solution Items", "{0A2BCEB6-9629-44F8-B34C-0CB6CD50814C}"
	ProjectSection(SolutionItems) = preProject
		README.md = README.md
	EndProjectSection
EndProject
Global
	GlobalSection(SolutionConfigurationPlatforms) = preSolution
		Debug|x64 = Debug|x64
		Debug|x86 = Debug|x86
		Release|x64 = Release|x64
		Release|x86 = Release|x86
	EndGlobalSection
	GlobalSection(ProjectConfigurationPlatforms) = postSolution
		{2D36D549-8D97-4DB1-B7AB-68B6F0AA353B}.Debug|x64.ActiveCfg = Debug|x64
		{2D36D549-8D97-4DB1-B7AB-68B6F0AA353B}.Debug|x64.Build.0 = Debug|x64
		{2D36D549-8D97-4DB1-B7AB-68B6F0AA353B}.Debug|x86.ActiveCfg = Debug|Win32
		{2D36D549-8D97-4DB1-B7AB-68B6F0AA353B}.Debug|x86.Build.0 = Debug|Win32
		{2D36D549-8D97-4DB1-B7AB-68B6F0AA353B}.Release|x64.ActiveCfg = Release|x64
		{2D36D549-8D97-4DB1-B7AB-68B6F0AA353B}.Release|x64.Build.0 = Release|x64
		{2D36D549-8D97-4DB1-B7AB-68B6F0AA353B}.Release|x86.ActiveCfg = Release|Win32
		{2D36D549-8D97-4DB1-B7AB-68B6F0AA353B}.Release|x86.Build.0 = Release|Win32
		{F5956525-FB38-3292-8C15-CA394F9897C4}.Debug|x64.ActiveCfg = Debug|x64
		{F5956525-FB38-3292-8C15-CA394F9897C4}.Debug|x64.Build.0 = Debug|x64
		{F5956525-FB38-3292-8C15-CA394F9897C4}.Debug|x86.ActiveCfg = Debug|x64
		{F5956525-FB38-3292-8C15-CA394F9897C4}.Release|x64.ActiveCfg = Release|x64
		{F5956525-FB38-3292-8C15-CA394F9897C4}.Release|x64.Build.0 = Release|x64
		{F5956525-FB38-3292-8C15-CA394F9897C4}.Release|x86.ActiveCfg = Release|x64
		{9AB36991-822F-3168-8520-81A556E5ABCF}.Debug|x64.ActiveCfg = Debug|x64
		{9AB36991-822F-3168-8520-81A556E5ABCF}.Debug|x64.Build.0 = Debug|x64
		{9AB36991-822F-3168-8520-81A556E5ABCF}.Debug|x86.ActiveCfg = Debug|x64
		{9AB36991-822F-3168-8520-81A556E5ABCF}.Release|x64.ActiveCfg = Release|x64
		{9AB36991-822F-3168-8520-81A556E5ABCF}.Release|x64.Build.0 = Release|x64
		{9AB36991-822F-3168-8520-81A556E5ABCF}.Release|x86.ActiveCfg = Release|x64
		{16B3AF54-ADA7-3690-8868-5AF52048115C}.Debug|x64.ActiveCfg = Debug|x64
		{16B3AF54-ADA7-3690-8868-5AF52048115C}.Debug|x64.Build.0 = Debug|x64
		{16B3AF54-ADA7-3690-8868-5AF52048115C}.Debug|x86.ActiveCfg = Debug|x64
		{16B3AF54-ADA7-3690-8868-5AF52048115C}.Release|x64.ActiveCfg = Release|x64
		{16B3AF54-ADA7-3690-8868-5AF52048115C}.Release|x64.Build.0 = Release|x64
		{16B3AF54-ADA7-3690-8868-5AF52048115C}.Release|x86.ActiveCfg = Release|x64
		{5ABA0FC8-BEDB-3B2F-B13A-E11120579176}.Debug|x64.ActiveCfg = Debug|Win32
		{5ABA0FC8-BEDB-3B2F-B13A-E11120579176}.Debug|x64.Build.0 = Debug|Win32
		{5ABA0FC8-BEDB-3B2F-B13A-E11120579176}.Debug|x86.ActiveCfg = Debug|Win32
		{5ABA0FC8-BEDB-3B2F-B13A-E11120579176}.Debug|x86.Build.0 = Debug|Win32
		{5ABA0FC8-BEDB-3B2F-B13A-E11120579176}.Release|x64.ActiveCfg = Release|Win32
		{5ABA0FC8-BEDB-3B2F-B13A-E11120579176}.Release|x86.ActiveCfg = Release|Win32
		{5ABA0FC8-BEDB-3B2F-B13A-E11120579176}.Release|x86.Build.0 = Release|Win32
		{4B779A05-FC20-379C-B698-B334FBE14A3C}.Debug|x64.ActiveCfg = Debug|Win32
		{4B779A05-FC20-379C-B698-B334FBE14A3C}.Debug|x64.Build.0 = Debug|Win32
		{4B779A05-FC20-379C-B698-B334FBE14A3C}.Debug|x86.ActiveCfg = Debug|Win32
		{4B779A05-FC20-379C-B698-B334FBE14A3C}.Debug|x86.Build.0 = Debug|Win32
		{4B779A05-FC20-379C-B698-B334FBE14A3C}.Release|x64.ActiveCfg = Release|Win32
		{4B779A05-FC20-379C-B698-B334FBE14A3C}.Release|x86.ActiveCfg = Release|Win32
		{4B779A05-FC20-379C-B698-B334FBE14A3C}.Release|x86.Build.0 = Release|Win32
		{A4C7F2A6-D754-3D30-90EB-39FD5FBB0F3D}.Debug|x64.ActiveCfg = Debug|Win32
		{A4C7F2A6-D754-3D30-90EB-39FD5FBB0F3D}.Debug|x64.Build.0 = Debug|Win32
		{A4C7F2A6-D754-3D30-90EB-39FD5FBB0F3D}.Debug|x86.ActiveCfg = Debug|Win32
		{A4C7F2A6-D754-3D30-90EB-39FD5FBB0F3D}.Debug|x86.Build.0 = Debug|Win32
		{A4C7F2A6-D754-3D30-90EB-39FD5FBB0F3D}.Release|x64.ActiveCfg = Release|Win32
		{A4C7F2A6-D754-3D30-90EB-39FD5FBB0F3D}.Release|x86.ActiveCfg = Release|Win32
		{A4C7F2A6-D754-3D30-90EB-39FD5FBB0F3D}.Release|x86.Build.0 = Release|Win32
	EndGlobalSection
	GlobalSection(SolutionProperties) = preSolution
		HideSolutionNode = FALSE
	EndGlobalSection
	GlobalSection(NestedProjects) = preSolution
		{F5956525-FB38-3292-8C15-CA394F9897C4} = {A587EE4E-41E1-4FFA-963E-8E53DFA75605}
		{9AB36991-822F-3168-8520-81A556E5ABCF} = {A587EE4E-41E1-4FFA-963E-8E53DFA75605}
		{16B3AF54-ADA7-3690-8868-5AF52048115C} = {A587EE4E-41E1-4FFA-963E-8E53DFA75605}
		{5ABA0FC8-BEDB-3B2F-B13A-E11120579176} = {27BD92A0-EBDD-4FE0-A1F2-14BF2EAB0004}
		{4B779A05-FC20-379C-B698-B334FBE14A3C} = {27BD92A0-EBDD-4FE0-A1F2-14BF2EAB0004}
		{A4C7F2A6-D754-3D30-90EB-39FD5FBB0F3D} = {27BD92A0-EBDD-4FE0-A1F2-14BF2EAB0004}
	EndGlobalSection
	GlobalSection(ExtensibilityGlobals) = postSolution
		SolutionGuid = {51036AE1-C597-4F65-A3B6-CA31ECD3BD75}
	EndGlobalSection
EndGlobal
