
Microsoft Visual Studio Solution File, Format Version 12.00
# Visual Studio Version 17
VisualStudioVersion = 17.5.33530.505
MinimumVisualStudioVersion = 10.0.40219.1
Project("{8BC9CEB8-8B4A-11D0-8D11-00A0C91BC942}") = "SustainPedal", "SustainPedal\SustainPedal.vcxproj", "{2D36D549-8D97-4DB1-B7AB-68B6F0AA353B}"
	ProjectSection(ProjectDependencies) = postProject
		{0ACDDD5B-36E7-3C58-93F8-194891FAFAE7} = {0ACDDD5B-36E7-3C58-93F8-194891FAFAE7}
		{0EDF6A93-9D50-3AFA-8769-79465D37AA1D} = {0EDF6A93-9D50-3AFA-8769-79465D37AA1D}
		{2F2A1355-D7A6-32DA-BF8F-0751D852E2C9} = {2F2A1355-D7A6-32DA-BF8F-0751D852E2C9}
		{501C906F-816E-3F40-9340-B65F4FFE0FC7} = {501C906F-816E-3F40-9340-B65F4FFE0FC7}
		{CC4BD7EB-E858-3503-A54A-B14E798BD053} = {CC4BD7EB-E858-3503-A54A-B14E798BD053}
		{E933BBA7-F1ED-3426-8D72-C7A6CD3670C1} = {E933BBA7-F1ED-3426-8D72-C7A6CD3670C1}
	EndProjectSection
EndProject
Project("{8BC9CEB8-8B4A-11D0-8D11-00A0C91BC942}") = "sdk", "..\vstbuild\public.sdk\sdk.vcxproj", "{501C906F-816E-3F40-9340-B65F4FFE0FC7}"
EndProject
Project("{8BC9CEB8-8B4A-11D0-8D11-00A0C91BC942}") = "pluginterfaces", "..\vstbuild\pluginterfaces\pluginterfaces.vcxproj", "{CC4BD7EB-E858-3503-A54A-B14E798BD053}"
EndProject
Project("{2150E333-8FDC-42A3-9474-1A3956D46DE8}") = "vst3sdk64", "vst3sdk64", "{A587EE4E-41E1-4FFA-963E-8E53DFA75605}"
EndProject
Project("{8BC9CEB8-8B4A-11D0-8D11-00A0C91BC942}") = "base", "..\vstbuild\base\base.vcxproj", "{0EDF6A93-9D50-3AFA-8769-79465D37AA1D}"
EndProject
Project("{2150E333-8FDC-42A3-9474-1A3956D46DE8}") = "vst3sdk32", "vst3sdk32", "{27BD92A0-EBDD-4FE0-A1F2-14BF2EAB0004}"
EndProject
Project("{8BC9CEB8-8B4A-11D0-8D11-00A0C91BC942}") = "base", "..\vstbuild32\base\base.vcxproj", "{E933BBA7-F1ED-3426-8D72-C7A6CD3670C1}"
EndProject
Project("{8BC9CEB8-8B4A-11D0-8D11-00A0C91BC942}") = "pluginterfaces", "..\vstbuild32\pluginterfaces\pluginterfaces.vcxproj", "{2F2A1355-D7A6-32DA-BF8F-0751D852E2C9}"
EndProject
Project("{8BC9CEB8-8B4A-11D0-8D11-00A0C91BC942}") = "sdk", "..\vstbuild32\public.sdk\sdk.vcxproj", "{0ACDDD5B-36E7-3C58-93F8-194891FAFAE7}"
EndProject
Project("{2150E333-8FDC-42A3-9474-1A3956D46DE8}") = "Solution Items", "Solution Items", "{0A2BCEB6-9629-44F8-B34C-0CB6CD50814C}"
	ProjectSection(SolutionItems) = preProject
		README.md = README.md
	EndProjectSection
EndProject
Global
	GlobalSection(SolutionConfigurationPlatforms) = preSolution
		Debug|x64 = Debug|x64
		Debug|x86 = Debug|x86
		Release|x64 = Release|x64
		Release|x86 = Release|x86
	EndGlobalSection
	GlobalSection(ProjectConfigurationPlatforms) = postSolution
		{2D36D549-8D97-4DB1-B7AB-68B6F0AA353B}.Debug|x64.ActiveCfg = Debug|x64
		{2D36D549-8D97-4DB1-B7AB-68B6F0AA353B}.Debug|x64.Build.0 = Debug|x64
		{2D36D549-8D97-4DB1-B7AB-68B6F0AA353B}.Debug|x86.ActiveCfg = Debug|Win32
		{2D36D549-8D97-4DB1-B7AB-68B6F0AA353B}.Debug|x86.Build.0 = Debug|Win32
		{2D36D549-8D97-4DB1-B7AB-68B6F0AA353B}.Release|x64.ActiveCfg = Release|x64
		{2D36D549-8D97-4DB1-B7AB-68B6F0AA353B}.Release|x64.Build.0 = Release|x64
		{2D36D549-8D97-4DB1-B7AB-68B6F0AA353B}.Release|x86.ActiveCfg = Release|Win32
		{2D36D549-8D97-4DB1-B7AB-68B6F0AA353B}.Release|x86.Build.0 = Release|Win32
		{501C906F-816E-3F40-9340-B65F4FFE0FC7}.Debug|x64.ActiveCfg = Debug|x64
		{501C906F-816E-3F40-9340-B65F4FFE0FC7}.Debug|x64.Build.0 = Debug|x64
		{501C906F-816E-3F40-9340-B65F4FFE0FC7}.Debug|x86.ActiveCfg = Debug|x64
		{501C906F-816E-3F40-9340-B65F4FFE0FC7}.Release|x64.ActiveCfg = Release|x64
		{501C906F-816E-3F40-9340-B65F4FFE0FC7}.Release|x64.Build.0 = Release|x64
		{501C906F-816E-3F40-9340-B65F4FFE0FC7}.Release|x86.ActiveCfg = Release|x64
		{CC4BD7EB-E858-3503-A54A-B14E798BD053}.Debug|x64.ActiveCfg = Debug|x64
		{CC4BD7EB-E858-3503-A54A-B14E798BD053}.Debug|x64.Build.0 = Debug|x64
		{CC4BD7EB-E858-3503-A54A-B14E798BD053}.Debug|x86.ActiveCfg = Debug|x64
		{CC4BD7EB-E858-3503-A54A-B14E798BD053}.Release|x64.ActiveCfg = Release|x64
		{CC4BD7EB-E858-3503-A54A-B14E798BD053}.Release|x64.Build.0 = Release|x64
		{CC4BD7EB-E858-3503-A54A-B14E798BD053}.Release|x86.ActiveCfg = Release|x64
		{0EDF6A93-9D50-3AFA-8769-79465D37AA1D}.Debug|x64.ActiveCfg = Debug|x64
		{0EDF6A93-9D50-3AFA-8769-79465D37AA1D}.Debug|x64.Build.0 = Debug|x64
		{0EDF6A93-9D50-3AFA-8769-79465D37AA1D}.Debug|x86.ActiveCfg = Debug|x64
		{0EDF6A93-9D50-3AFA-8769-79465D37AA1D}.Release|x64.ActiveCfg = Release|x64
		{0EDF6A93-9D50-3AFA-8769-79465D37AA1D}.Release|x64.Build.0 = Release|x64
		{0EDF6A93-9D50-3AFA-8769-79465D37AA1D}.Release|x86.ActiveCfg = Release|x64
		{E933BBA7-F1ED-3426-8D72-C7A6CD3670C1}.Debug|x64.ActiveCfg = Debug|Win32
		{E933BBA7-F1ED-3426-8D72-C7A6CD3670C1}.Debug|x64.Build.0 = Debug|Win32
		{E933BBA7-F1ED-3426-8D72-C7A6CD3670C1}.Debug|x86.ActiveCfg = Debug|Win32
		{E933BBA7-F1ED-3426-8D72-C7A6CD3670C1}.Debug|x86.Build.0 = Debug|Win32
		{E933BBA7-F1ED-3426-8D72-C7A6CD3670C1}.Release|x64.ActiveCfg = Release|Win32
		{E933BBA7-F1ED-3426-8D72-C7A6CD3670C1}.Release|x86.ActiveCfg = Release|Win32
		{E933BBA7-F1ED-3426-8D72-C7A6CD3670C1}.Release|x86.Build.0 = Release|Win32
		{2F2A1355-D7A6-32DA-BF8F-0751D852E2C9}.Debug|x64.ActiveCfg = Debug|Win32
		{2F2A1355-D7A6-32DA-BF8F-0751D852E2C9}.Debug|x64.Build.0 = Debug|Win32
		{2F2A1355-D7A6-32DA-BF8F-0751D852E2C9}.Debug|x86.ActiveCfg = Debug|Win32
		{2F2A1355-D7A6-32DA-BF8F-0751D852E2C9}.Debug|x86.Build.0 = Debug|Win32
		{2F2A1355-D7A6-32DA-BF8F-0751D852E2C9}.Release|x64.ActiveCfg = Release|Win32
		{2F2A1355-D7A6-32DA-BF8F-0751D852E2C9}.Release|x86.ActiveCfg = Release|Win32
		{2F2A1355-D7A6-32DA-BF8F-0751D852E2C9}.Release|x86.Build.0 = Release|Win32
		{0ACDDD5B-36E7-3C58-93F8-194891FAFAE7}.Debug|x64.ActiveCfg = Debug|Win32
		{0ACDDD5B-36E7-3C58-93F8-194891FAFAE7}.Debug|x64.Build.0 = Debug|Win32
		{0ACDDD5B-36E7-3C58-93F8-194891FAFAE7}.Debug|x86.ActiveCfg = Debug|Win32
		{0ACDDD5B-36E7-3C58-93F8-194891FAFAE7}.Debug|x86.Build.0 = Debug|Win32
		{0ACDDD5B-36E7-3C58-93F8-194891FAFAE7}.Release|x64.ActiveCfg = Release|Win32
		{0ACDDD5B-36E7-3C58-93F8-194891FAFAE7}.Release|x86.ActiveCfg = Release|Win32
		{0ACDDD5B-36E7-3C58-93F8-194891FAFAE7}.Release|x86.Build.0 = Release|Win32
	EndGlobalSection
	GlobalSection(SolutionProperties) = preSolution
		HideSolutionNode = FALSE
	EndGlobalSection
	GlobalSection(NestedProjects) = preSolution
		{501C906F-816E-3F40-9340-B65F4FFE0FC7} = {A587EE4E-41E1-4FFA-963E-8E53DFA75605}
		{CC4BD7EB-E858-3503-A54A-B14E798BD053} = {A587EE4E-41E1-4FFA-963E-8E53DFA75605}
		{0EDF6A93-9D50-3AFA-8769-79465D37AA1D} = {A587EE4E-41E1-4FFA-963E-8E53DFA75605}
		{E933BBA7-F1ED-3426-8D72-C7A6CD3670C1} = {27BD92A0-EBDD-4FE0-A1F2-14BF2EAB0004}
		{2F2A1355-D7A6-32DA-BF8F-0751D852E2C9} = {27BD92A0-EBDD-4FE0-A1F2-14BF2EAB0004}
		{0ACDDD5B-36E7-3C58-93F8-194891FAFAE7} = {27BD92A0-EBDD-4FE0-A1F2-14BF2EAB0004}
	EndGlobalSection
	GlobalSection(ExtensibilityGlobals) = postSolution
		SolutionGuid = {51036AE1-C597-4F65-A3B6-CA31ECD3BD75}
	EndGlobalSection
EndGlobal
